
Microsoft Visual Studio Solution File, Format Version 12.00
Project("{FAE04EC0-301F-11D3-BF4B-00C04F79EFBC}") = "Resources.Next.Generator", "Resources.Next.Generator\Resources.Next.Generator.csproj", "{ABE063A0-C35E-4FC5-85D9-26BD2CC9E5F4}"
EndProject
Project("{FAE04EC0-301F-11D3-BF4B-00C04F79EFBC}") = "Resources.Next.Core", "Resources.Next.Core\Resources.Next.Core.csproj", "{154B54DA-FBAC-4B44-AE06-A96B03772699}"
EndProject
Project("{2150E333-8FDC-42A3-9474-1A3956D46DE8}") = "Solution Items", "Solution Items", "{35BCE303-8311-4BD4-8454-77343A742533}"
	ProjectSection(SolutionItems) = preProject
		.gitignore = .gitignore
		.github\workflows\publish.yml = .github\workflows\publish.yml
		icon.png = icon.png
		README.md = README.md
	EndProjectSection
EndProject
Project("{FAE04EC0-301F-11D3-BF4B-00C04F79EFBC}") = "Resources.Next.Shared", "Resources.Next.Shared\Resources.Next.Shared.csproj", "{C88A6059-9502-4590-BB6B-EF173B9504FE}"
EndProject
Global
	GlobalSection(SolutionConfigurationPlatforms) = preSolution
		Debug|Any CPU = Debug|Any CPU
		Release|Any CPU = Release|Any CPU
	EndGlobalSection
	GlobalSection(ProjectConfigurationPlatforms) = postSolution
		{ABE063A0-C35E-4FC5-85D9-26BD2CC9E5F4}.Debug|Any CPU.ActiveCfg = Debug|Any CPU
		{ABE063A0-C35E-4FC5-85D9-26BD2CC9E5F4}.Debug|Any CPU.Build.0 = Debug|Any CPU
		{ABE063A0-C35E-4FC5-85D9-26BD2CC9E5F4}.Release|Any CPU.ActiveCfg = Release|Any CPU
		{ABE063A0-C35E-4FC5-85D9-26BD2CC9E5F4}.Release|Any CPU.Build.0 = Release|Any CPU
		{154B54DA-FBAC-4B44-AE06-A96B03772699}.Debug|Any CPU.ActiveCfg = Debug|Any CPU
		{154B54DA-FBAC-4B44-AE06-A96B03772699}.Debug|Any CPU.Build.0 = Debug|Any CPU
		{154B54DA-FBAC-4B44-AE06-A96B03772699}.Release|Any CPU.ActiveCfg = Release|Any CPU
		{154B54DA-FBAC-4B44-AE06-A96B03772699}.Release|Any CPU.Build.0 = Release|Any CPU
		{C88A6059-9502-4590-BB6B-EF173B9504FE}.Debug|Any CPU.ActiveCfg = Debug|Any CPU
		{C88A6059-9502-4590-BB6B-EF173B9504FE}.Debug|Any CPU.Build.0 = Debug|Any CPU
		{C88A6059-9502-4590-BB6B-EF173B9504FE}.Release|Any CPU.ActiveCfg = Release|Any CPU
		{C88A6059-9502-4590-BB6B-EF173B9504FE}.Release|Any CPU.Build.0 = Release|Any CPU
	EndGlobalSection
EndGlobal
